// !$*UTF8*$!
{
	archiveVersion = 1;
	classes = {
	};
	objectVersion = 46;
	objects = {

/* Begin PBXBuildFile section */
		320FE73C1BF31D7100DF6767 /* gluperspective.c in Sources */ = {isa = PBXBuildFile; fileRef = 320FE73B1BF31D7100DF6767 /* gluperspective.c */; };
		324C56AE1A36DEBF00FFDD25 /* AppDelegate.m in Sources */ = {isa = PBXBuildFile; fileRef = 324C56AD1A36DEBF00FFDD25 /* AppDelegate.m */; };
		324C56B01A36DEBF00FFDD25 /* main.m in Sources */ = {isa = PBXBuildFile; fileRef = 324C56AF1A36DEBF00FFDD25 /* main.m */; };
		324C56B21A36DEBF00FFDD25 /* Images.xcassets in Resources */ = {isa = PBXBuildFile; fileRef = 324C56B11A36DEBF00FFDD25 /* Images.xcassets */; };
		324C56B51A36DEBF00FFDD25 /* MainMenu.xib in Resources */ = {isa = PBXBuildFile; fileRef = 324C56B31A36DEBF00FFDD25 /* MainMenu.xib */; };
		324C56CE1A36E11300FFDD25 /* ElectroPortisOpenGLView.m in Sources */ = {isa = PBXBuildFile; fileRef = 324C56CD1A36E11300FFDD25 /* ElectroPortisOpenGLView.m */; };
		324C56D01A36E95D00FFDD25 /* ep.c in Sources */ = {isa = PBXBuildFile; fileRef = 324C56CF1A36E95D00FFDD25 /* ep.c */; };
		32EBA1B11C969E7200B4D03A /* main.m in Sources */ = {isa = PBXBuildFile; fileRef = 32EBA1B01C969E7200B4D03A /* main.m */; };
		32EBA1B41C969E7200B4D03A /* AppDelegate.m in Sources */ = {isa = PBXBuildFile; fileRef = 32EBA1B31C969E7200B4D03A /* AppDelegate.m */; };
		32EBA1BB1C969E7200B4D03A /* GameViewController.m in Sources */ = {isa = PBXBuildFile; fileRef = 32EBA1BA1C969E7200B4D03A /* GameViewController.m */; };
		32EBA1BE1C969E7200B4D03A /* Main.storyboard in Resources */ = {isa = PBXBuildFile; fileRef = 32EBA1BC1C969E7200B4D03A /* Main.storyboard */; };
		32EBA1C01C969E7200B4D03A /* Assets.xcassets in Resources */ = {isa = PBXBuildFile; fileRef = 32EBA1BF1C969E7200B4D03A /* Assets.xcassets */; };
		32EBA1C31C969E7200B4D03A /* LaunchScreen.storyboard in Resources */ = {isa = PBXBuildFile; fileRef = 32EBA1C11C969E7200B4D03A /* LaunchScreen.storyboard */; };
		32EBA1C91C969F4C00B4D03A /* ep.c in Sources */ = {isa = PBXBuildFile; fileRef = 324C56CF1A36E95D00FFDD25 /* ep.c */; };
		32EBA1CB1C96A03600B4D03A /* gluperspective_gles.c in Sources */ = {isa = PBXBuildFile; fileRef = 32EBA1CA1C96A03600B4D03A /* gluperspective_gles.c */; };
/* End PBXBuildFile section */

/* Begin PBXFileReference section */
		320FE73B1BF31D7100DF6767 /* gluperspective.c */ = {isa = PBXFileReference; fileEncoding = 4; lastKnownFileType = sourcecode.c.c; name = gluperspective.c; path = ../../../src/gluperspective.c; sourceTree = "<group>"; };
		3217984B1C9A8B4E0055B2E2 /* ElectroPortis.entitlements */ = {isa = PBXFileReference; lastKnownFileType = text.xml; path = ElectroPortis.entitlements; sourceTree = "<group>"; };
		324C56A71A36DEBF00FFDD25 /* ElectroPortis.app */ = {isa = PBXFileReference; explicitFileType = wrapper.application; includeInIndex = 0; path = ElectroPortis.app; sourceTree = BUILT_PRODUCTS_DIR; };
		324C56AB1A36DEBF00FFDD25 /* Info.plist */ = {isa = PBXFileReference; lastKnownFileType = text.plist.xml; path = Info.plist; sourceTree = "<group>"; };
		324C56AC1A36DEBF00FFDD25 /* AppDelegate.h */ = {isa = PBXFileReference; lastKnownFileType = sourcecode.c.h; path = AppDelegate.h; sourceTree = "<group>"; };
		324C56AD1A36DEBF00FFDD25 /* AppDelegate.m */ = {isa = PBXFileReference; lastKnownFileType = sourcecode.c.objc; path = AppDelegate.m; sourceTree = "<group>"; };
		324C56AF1A36DEBF00FFDD25 /* main.m */ = {isa = PBXFileReference; lastKnownFileType = sourcecode.c.objc; path = main.m; sourceTree = "<group>"; };
		324C56B11A36DEBF00FFDD25 /* Images.xcassets */ = {isa = PBXFileReference; lastKnownFileType = folder.assetcatalog; path = Images.xcassets; sourceTree = "<group>"; };
		324C56B41A36DEBF00FFDD25 /* Base */ = {isa = PBXFileReference; lastKnownFileType = file.xib; name = Base; path = Base.lproj/MainMenu.xib; sourceTree = "<group>"; };
		324C56CC1A36E11300FFDD25 /* ElectroPortisOpenGLView.h */ = {isa = PBXFileReference; fileEncoding = 4; lastKnownFileType = sourcecode.c.h; path = ElectroPortisOpenGLView.h; sourceTree = "<group>"; };
		324C56CD1A36E11300FFDD25 /* ElectroPortisOpenGLView.m */ = {isa = PBXFileReference; fileEncoding = 4; lastKnownFileType = sourcecode.c.objc; path = ElectroPortisOpenGLView.m; sourceTree = "<group>"; };
		324C56CF1A36E95D00FFDD25 /* ep.c */ = {isa = PBXFileReference; fileEncoding = 4; lastKnownFileType = sourcecode.c.c; name = ep.c; path = ../../../src/ep.c; sourceTree = "<group>"; };
		324C56D11A36E9D100FFDD25 /* ep.h */ = {isa = PBXFileReference; fileEncoding = 4; lastKnownFileType = sourcecode.c.h; name = ep.h; path = ../../../include/ep.h; sourceTree = "<group>"; };
		324C56D21A36E9EF00FFDD25 /* stdafx.h */ = {isa = PBXFileReference; fileEncoding = 4; lastKnownFileType = sourcecode.c.h; name = stdafx.h; path = ../../../include/stdafx.h; sourceTree = "<group>"; };
		324C56D31A36EA0300FFDD25 /* gl_wrap.h */ = {isa = PBXFileReference; fileEncoding = 4; lastKnownFileType = sourcecode.c.h; name = gl_wrap.h; path = ../../../include/gl_wrap.h; sourceTree = "<group>"; };
		32EBA1AD1C969E7200B4D03A /* ElectroPortis-iOS.app */ = {isa = PBXFileReference; explicitFileType = wrapper.application; includeInIndex = 0; path = "ElectroPortis-iOS.app"; sourceTree = BUILT_PRODUCTS_DIR; };
		32EBA1B01C969E7200B4D03A /* main.m */ = {isa = PBXFileReference; lastKnownFileType = sourcecode.c.objc; path = main.m; sourceTree = "<group>"; };
		32EBA1B21C969E7200B4D03A /* AppDelegate.h */ = {isa = PBXFileReference; lastKnownFileType = sourcecode.c.h; path = AppDelegate.h; sourceTree = "<group>"; };
		32EBA1B31C969E7200B4D03A /* AppDelegate.m */ = {isa = PBXFileReference; lastKnownFileType = sourcecode.c.objc; path = AppDelegate.m; sourceTree = "<group>"; };
		32EBA1B91C969E7200B4D03A /* GameViewController.h */ = {isa = PBXFileReference; lastKnownFileType = sourcecode.c.h; path = GameViewController.h; sourceTree = "<group>"; };
		32EBA1BA1C969E7200B4D03A /* GameViewController.m */ = {isa = PBXFileReference; lastKnownFileType = sourcecode.c.objc; path = GameViewController.m; sourceTree = "<group>"; };
		32EBA1BD1C969E7200B4D03A /* Base */ = {isa = PBXFileReference; lastKnownFileType = file.storyboard; name = Base; path = Base.lproj/Main.storyboard; sourceTree = "<group>"; };
		32EBA1BF1C969E7200B4D03A /* Assets.xcassets */ = {isa = PBXFileReference; lastKnownFileType = folder.assetcatalog; path = Assets.xcassets; sourceTree = "<group>"; };
		32EBA1C21C969E7200B4D03A /* Base */ = {isa = PBXFileReference; lastKnownFileType = file.storyboard; name = Base; path = Base.lproj/LaunchScreen.storyboard; sourceTree = "<group>"; };
		32EBA1C41C969E7200B4D03A /* Info.plist */ = {isa = PBXFileReference; lastKnownFileType = text.plist.xml; path = Info.plist; sourceTree = "<group>"; };
		32EBA1CA1C96A03600B4D03A /* gluperspective_gles.c */ = {isa = PBXFileReference; fileEncoding = 4; lastKnownFileType = sourcecode.c.c; name = gluperspective_gles.c; path = ../../../src/gluperspective_gles.c; sourceTree = "<group>"; };
/* End PBXFileReference section */

/* Begin PBXFrameworksBuildPhase section */
		324C56A41A36DEBF00FFDD25 /* Frameworks */ = {
			isa = PBXFrameworksBuildPhase;
			buildActionMask = 2147483647;
			files = (
			);
			runOnlyForDeploymentPostprocessing = 0;
		};
		32EBA1AA1C969E7200B4D03A /* Frameworks */ = {
			isa = PBXFrameworksBuildPhase;
			buildActionMask = 2147483647;
			files = (
			);
			runOnlyForDeploymentPostprocessing = 0;
		};
/* End PBXFrameworksBuildPhase section */

/* Begin PBXGroup section */
		324C569E1A36DEBF00FFDD25 = {
			isa = PBXGroup;
			children = (
				324C56A91A36DEBF00FFDD25 /* ElectroPortis */,
				32EBA1C81C969F2400B4D03A /* ElectroPortis-OS X */,
				32EBA1AE1C969E7200B4D03A /* ElectroPortis-iOS */,
				324C56A81A36DEBF00FFDD25 /* Products */,
			);
			sourceTree = "<group>";
		};
		324C56A81A36DEBF00FFDD25 /* Products */ = {
			isa = PBXGroup;
			children = (
				324C56A71A36DEBF00FFDD25 /* ElectroPortis.app */,
				32EBA1AD1C969E7200B4D03A /* ElectroPortis-iOS.app */,
			);
			name = Products;
			sourceTree = "<group>";
		};
		324C56A91A36DEBF00FFDD25 /* ElectroPortis */ = {
			isa = PBXGroup;
			children = (
				324C56CF1A36E95D00FFDD25 /* ep.c */,
				324C56D11A36E9D100FFDD25 /* ep.h */,
				324C56D31A36EA0300FFDD25 /* gl_wrap.h */,
				324C56D21A36E9EF00FFDD25 /* stdafx.h */,
			);
			path = ElectroPortis;
			sourceTree = "<group>";
		};
		324C56AA1A36DEBF00FFDD25 /* Supporting Files */ = {
			isa = PBXGroup;
			children = (
				3217984B1C9A8B4E0055B2E2 /* ElectroPortis.entitlements */,
				324C56AB1A36DEBF00FFDD25 /* Info.plist */,
				324C56AF1A36DEBF00FFDD25 /* main.m */,
			);
			name = "Supporting Files";
			sourceTree = "<group>";
		};
		32EBA1AE1C969E7200B4D03A /* ElectroPortis-iOS */ = {
			isa = PBXGroup;
			children = (
				32EBA1B21C969E7200B4D03A /* AppDelegate.h */,
				32EBA1B31C969E7200B4D03A /* AppDelegate.m */,
				32EBA1B91C969E7200B4D03A /* GameViewController.h */,
				32EBA1BA1C969E7200B4D03A /* GameViewController.m */,
				32EBA1CA1C96A03600B4D03A /* gluperspective_gles.c */,
				32EBA1BC1C969E7200B4D03A /* Main.storyboard */,
				32EBA1BF1C969E7200B4D03A /* Assets.xcassets */,
				32EBA1C11C969E7200B4D03A /* LaunchScreen.storyboard */,
				32EBA1C41C969E7200B4D03A /* Info.plist */,
				32EBA1AF1C969E7200B4D03A /* Supporting Files */,
			);
			path = "ElectroPortis-iOS";
			sourceTree = "<group>";
		};
		32EBA1AF1C969E7200B4D03A /* Supporting Files */ = {
			isa = PBXGroup;
			children = (
				32EBA1B01C969E7200B4D03A /* main.m */,
			);
			name = "Supporting Files";
			sourceTree = "<group>";
		};
		32EBA1C81C969F2400B4D03A /* ElectroPortis-OS X */ = {
			isa = PBXGroup;
			children = (
				324C56AC1A36DEBF00FFDD25 /* AppDelegate.h */,
				324C56AD1A36DEBF00FFDD25 /* AppDelegate.m */,
				324C56CC1A36E11300FFDD25 /* ElectroPortisOpenGLView.h */,
				324C56CD1A36E11300FFDD25 /* ElectroPortisOpenGLView.m */,
				320FE73B1BF31D7100DF6767 /* gluperspective.c */,
				324C56B11A36DEBF00FFDD25 /* Images.xcassets */,
				324C56B31A36DEBF00FFDD25 /* MainMenu.xib */,
				324C56AA1A36DEBF00FFDD25 /* Supporting Files */,
			);
			name = "ElectroPortis-OS X";
			path = ElectroPortis;
			sourceTree = "<group>";
		};
/* End PBXGroup section */

/* Begin PBXNativeTarget section */
		324C56A61A36DEBF00FFDD25 /* ElectroPortis */ = {
			isa = PBXNativeTarget;
			buildConfigurationList = 324C56C41A36DEBF00FFDD25 /* Build configuration list for PBXNativeTarget "ElectroPortis" */;
			buildPhases = (
				324C56A31A36DEBF00FFDD25 /* Sources */,
				324C56A41A36DEBF00FFDD25 /* Frameworks */,
				324C56A51A36DEBF00FFDD25 /* Resources */,
			);
			buildRules = (
			);
			dependencies = (
			);
			name = ElectroPortis;
			productName = ElectroPortis;
			productReference = 324C56A71A36DEBF00FFDD25 /* ElectroPortis.app */;
			productType = "com.apple.product-type.application";
		};
		32EBA1AC1C969E7200B4D03A /* ElectroPortis-iOS */ = {
			isa = PBXNativeTarget;
			buildConfigurationList = 32EBA1C71C969E7200B4D03A /* Build configuration list for PBXNativeTarget "ElectroPortis-iOS" */;
			buildPhases = (
				32EBA1A91C969E7200B4D03A /* Sources */,
				32EBA1AA1C969E7200B4D03A /* Frameworks */,
				32EBA1AB1C969E7200B4D03A /* Resources */,
			);
			buildRules = (
			);
			dependencies = (
			);
			name = "ElectroPortis-iOS";
			productName = "ElectroPortis-iOS";
			productReference = 32EBA1AD1C969E7200B4D03A /* ElectroPortis-iOS.app */;
			productType = "com.apple.product-type.application";
		};
/* End PBXNativeTarget section */

/* Begin PBXProject section */
		324C569F1A36DEBF00FFDD25 /* Project object */ = {
			isa = PBXProject;
			attributes = {
				LastUpgradeCheck = 0710;
				ORGANIZATIONNAME = "Brendan Shanks";
				TargetAttributes = {
					324C56A61A36DEBF00FFDD25 = {
						CreatedOnToolsVersion = 6.1.1;
						SystemCapabilities = {
							com.apple.Sandbox = {
								enabled = 1;
							};
						};
					};
					32EBA1AC1C969E7200B4D03A = {
						CreatedOnToolsVersion = 7.2.1;
					};
				};
			};
			buildConfigurationList = 324C56A21A36DEBF00FFDD25 /* Build configuration list for PBXProject "ElectroPortis" */;
			compatibilityVersion = "Xcode 3.2";
			developmentRegion = English;
			hasScannedForEncodings = 0;
			knownRegions = (
				en,
				Base,
			);
			mainGroup = 324C569E1A36DEBF00FFDD25;
			productRefGroup = 324C56A81A36DEBF00FFDD25 /* Products */;
			projectDirPath = "";
			projectRoot = "";
			targets = (
				324C56A61A36DEBF00FFDD25 /* ElectroPortis */,
				32EBA1AC1C969E7200B4D03A /* ElectroPortis-iOS */,
			);
		};
/* End PBXProject section */

/* Begin PBXResourcesBuildPhase section */
		324C56A51A36DEBF00FFDD25 /* Resources */ = {
			isa = PBXResourcesBuildPhase;
			buildActionMask = 2147483647;
			files = (
				324C56B21A36DEBF00FFDD25 /* Images.xcassets in Resources */,
				324C56B51A36DEBF00FFDD25 /* MainMenu.xib in Resources */,
			);
			runOnlyForDeploymentPostprocessing = 0;
		};
		32EBA1AB1C969E7200B4D03A /* Resources */ = {
			isa = PBXResourcesBuildPhase;
			buildActionMask = 2147483647;
			files = (
				32EBA1BE1C969E7200B4D03A /* Main.storyboard in Resources */,
				32EBA1C01C969E7200B4D03A /* Assets.xcassets in Resources */,
				32EBA1C31C969E7200B4D03A /* LaunchScreen.storyboard in Resources */,
			);
			runOnlyForDeploymentPostprocessing = 0;
		};
/* End PBXResourcesBuildPhase section */

/* Begin PBXSourcesBuildPhase section */
		324C56A31A36DEBF00FFDD25 /* Sources */ = {
			isa = PBXSourcesBuildPhase;
			buildActionMask = 2147483647;
			files = (
				324C56CE1A36E11300FFDD25 /* ElectroPortisOpenGLView.m in Sources */,
				324C56B01A36DEBF00FFDD25 /* main.m in Sources */,
				320FE73C1BF31D7100DF6767 /* gluperspective.c in Sources */,
				324C56D01A36E95D00FFDD25 /* ep.c in Sources */,
				324C56AE1A36DEBF00FFDD25 /* AppDelegate.m in Sources */,
			);
			runOnlyForDeploymentPostprocessing = 0;
		};
		32EBA1A91C969E7200B4D03A /* Sources */ = {
			isa = PBXSourcesBuildPhase;
			buildActionMask = 2147483647;
			files = (
				32EBA1C91C969F4C00B4D03A /* ep.c in Sources */,
				32EBA1B41C969E7200B4D03A /* AppDelegate.m in Sources */,
				32EBA1CB1C96A03600B4D03A /* gluperspective_gles.c in Sources */,
				32EBA1BB1C969E7200B4D03A /* GameViewController.m in Sources */,
				32EBA1B11C969E7200B4D03A /* main.m in Sources */,
			);
			runOnlyForDeploymentPostprocessing = 0;
		};
/* End PBXSourcesBuildPhase section */

/* Begin PBXVariantGroup section */
		324C56B31A36DEBF00FFDD25 /* MainMenu.xib */ = {
			isa = PBXVariantGroup;
			children = (
				324C56B41A36DEBF00FFDD25 /* Base */,
			);
			name = MainMenu.xib;
			sourceTree = "<group>";
		};
		32EBA1BC1C969E7200B4D03A /* Main.storyboard */ = {
			isa = PBXVariantGroup;
			children = (
				32EBA1BD1C969E7200B4D03A /* Base */,
			);
			name = Main.storyboard;
			sourceTree = "<group>";
		};
		32EBA1C11C969E7200B4D03A /* LaunchScreen.storyboard */ = {
			isa = PBXVariantGroup;
			children = (
				32EBA1C21C969E7200B4D03A /* Base */,
			);
			name = LaunchScreen.storyboard;
			sourceTree = "<group>";
		};
/* End PBXVariantGroup section */

/* Begin XCBuildConfiguration section */
		324C56C21A36DEBF00FFDD25 /* Debug */ = {
			isa = XCBuildConfiguration;
			buildSettings = {
				ALWAYS_SEARCH_USER_PATHS = NO;
				CLANG_CXX_LANGUAGE_STANDARD = "gnu++0x";
				CLANG_CXX_LIBRARY = "libc++";
				CLANG_ENABLE_MODULES = YES;
				CLANG_ENABLE_OBJC_ARC = YES;
				CLANG_WARN_BOOL_CONVERSION = YES;
				CLANG_WARN_CONSTANT_CONVERSION = YES;
				CLANG_WARN_DIRECT_OBJC_ISA_USAGE = YES_ERROR;
				CLANG_WARN_EMPTY_BODY = YES;
				CLANG_WARN_ENUM_CONVERSION = YES;
				CLANG_WARN_INT_CONVERSION = YES;
				CLANG_WARN_OBJC_ROOT_CLASS = YES_ERROR;
				CLANG_WARN_UNREACHABLE_CODE = YES;
				CLANG_WARN__DUPLICATE_METHOD_MATCH = YES;
				CODE_SIGN_IDENTITY = "-";
				COPY_PHASE_STRIP = NO;
				ENABLE_STRICT_OBJC_MSGSEND = YES;
				ENABLE_TESTABILITY = YES;
				GCC_C_LANGUAGE_STANDARD = gnu99;
				GCC_DYNAMIC_NO_PIC = NO;
				GCC_OPTIMIZATION_LEVEL = 0;
				GCC_PREPROCESSOR_DEFINITIONS = (
					"DEBUG=1",
					"$(inherited)",
				);
				GCC_SYMBOLS_PRIVATE_EXTERN = NO;
				GCC_WARN_64_TO_32_BIT_CONVERSION = YES;
				GCC_WARN_ABOUT_RETURN_TYPE = YES_ERROR;
				GCC_WARN_UNDECLARED_SELECTOR = YES;
				GCC_WARN_UNINITIALIZED_AUTOS = YES_AGGRESSIVE;
				GCC_WARN_UNUSED_FUNCTION = YES;
				GCC_WARN_UNUSED_VARIABLE = YES;
				IPHONEOS_DEPLOYMENT_TARGET = 8.1;
				MACOSX_DEPLOYMENT_TARGET = 10.10;
				MTL_ENABLE_DEBUG_INFO = YES;
				ONLY_ACTIVE_ARCH = YES;
				SDKROOT = macosx;
			};
			name = Debug;
		};
		324C56C31A36DEBF00FFDD25 /* Release */ = {
			isa = XCBuildConfiguration;
			buildSettings = {
				ALWAYS_SEARCH_USER_PATHS = NO;
				CLANG_CXX_LANGUAGE_STANDARD = "gnu++0x";
				CLANG_CXX_LIBRARY = "libc++";
				CLANG_ENABLE_MODULES = YES;
				CLANG_ENABLE_OBJC_ARC = YES;
				CLANG_WARN_BOOL_CONVERSION = YES;
				CLANG_WARN_CONSTANT_CONVERSION = YES;
				CLANG_WARN_DIRECT_OBJC_ISA_USAGE = YES_ERROR;
				CLANG_WARN_EMPTY_BODY = YES;
				CLANG_WARN_ENUM_CONVERSION = YES;
				CLANG_WARN_INT_CONVERSION = YES;
				CLANG_WARN_OBJC_ROOT_CLASS = YES_ERROR;
				CLANG_WARN_UNREACHABLE_CODE = YES;
				CLANG_WARN__DUPLICATE_METHOD_MATCH = YES;
				CODE_SIGN_IDENTITY = "-";
				COPY_PHASE_STRIP = YES;
				DEBUG_INFORMATION_FORMAT = "dwarf-with-dsym";
				ENABLE_NS_ASSERTIONS = NO;
				ENABLE_STRICT_OBJC_MSGSEND = YES;
				GCC_C_LANGUAGE_STANDARD = gnu99;
				GCC_WARN_64_TO_32_BIT_CONVERSION = YES;
				GCC_WARN_ABOUT_RETURN_TYPE = YES_ERROR;
				GCC_WARN_UNDECLARED_SELECTOR = YES;
				GCC_WARN_UNINITIALIZED_AUTOS = YES_AGGRESSIVE;
				GCC_WARN_UNUSED_FUNCTION = YES;
				GCC_WARN_UNUSED_VARIABLE = YES;
				IPHONEOS_DEPLOYMENT_TARGET = 8.1;
				MACOSX_DEPLOYMENT_TARGET = 10.10;
				MTL_ENABLE_DEBUG_INFO = NO;
				SDKROOT = macosx;
			};
			name = Release;
		};
		324C56C51A36DEBF00FFDD25 /* Debug */ = {
			isa = XCBuildConfiguration;
			buildSettings = {
				ASSETCATALOG_COMPILER_APPICON_NAME = AppIcon;
				CODE_SIGN_ENTITLEMENTS = ElectroPortis/ElectroPortis.entitlements;
				COMBINE_HIDPI_IMAGES = YES;
				INFOPLIST_FILE = ElectroPortis/Info.plist;
				LD_RUNPATH_SEARCH_PATHS = "$(inherited) @executable_path/../Frameworks";
				PRODUCT_BUNDLE_IDENTIFIER = "net.bslabs.$(PRODUCT_NAME:rfc1034identifier)";
				PRODUCT_NAME = "$(TARGET_NAME)";
			};
			name = Debug;
		};
		324C56C61A36DEBF00FFDD25 /* Release */ = {
			isa = XCBuildConfiguration;
			buildSettings = {
				ASSETCATALOG_COMPILER_APPICON_NAME = AppIcon;
				CODE_SIGN_ENTITLEMENTS = ElectroPortis/ElectroPortis.entitlements;
				COMBINE_HIDPI_IMAGES = YES;
				INFOPLIST_FILE = ElectroPortis/Info.plist;
				LD_RUNPATH_SEARCH_PATHS = "$(inherited) @executable_path/../Frameworks";
				PRODUCT_BUNDLE_IDENTIFIER = "net.bslabs.$(PRODUCT_NAME:rfc1034identifier)";
				PRODUCT_NAME = "$(TARGET_NAME)";
			};
			name = Release;
		};
		32EBA1C51C969E7200B4D03A /* Debug */ = {
			isa = XCBuildConfiguration;
			buildSettings = {
				ASSETCATALOG_COMPILER_APPICON_NAME = AppIcon;
				"CODE_SIGN_IDENTITY[sdk=iphoneos*]" = "iPhone Developer";
				DEBUG_INFORMATION_FORMAT = "dwarf-with-dsym";
				GCC_NO_COMMON_BLOCKS = YES;
				INFOPLIST_FILE = "ElectroPortis-iOS/Info.plist";
				IPHONEOS_DEPLOYMENT_TARGET = 8.1;
				LD_RUNPATH_SEARCH_PATHS = "$(inherited) @executable_path/Frameworks";
				PRODUCT_BUNDLE_IDENTIFIER = "net.bslabs.ElectroPortis-iOS";
				PRODUCT_NAME = "$(TARGET_NAME)";
				SDKROOT = iphoneos;
				TARGETED_DEVICE_FAMILY = "1,2";
			};
			name = Debug;
		};
		32EBA1C61C969E7200B4D03A /* Release */ = {
			isa = XCBuildConfiguration;
			buildSettings = {
				ASSETCATALOG_COMPILER_APPICON_NAME = AppIcon;
				"CODE_SIGN_IDENTITY[sdk=iphoneos*]" = "iPhone Developer";
				COPY_PHASE_STRIP = NO;
				GCC_NO_COMMON_BLOCKS = YES;
				INFOPLIST_FILE = "ElectroPortis-iOS/Info.plist";
				IPHONEOS_DEPLOYMENT_TARGET = 8.1;
				LD_RUNPATH_SEARCH_PATHS = "$(inherited) @executable_path/Frameworks";
				PRODUCT_BUNDLE_IDENTIFIER = "net.bslabs.ElectroPortis-iOS";
				PRODUCT_NAME = "$(TARGET_NAME)";
				SDKROOT = iphoneos;
				TARGETED_DEVICE_FAMILY = "1,2";
				VALIDATE_PRODUCT = YES;
			};
			name = Release;
		};
/* End XCBuildConfiguration section */

/* Begin XCConfigurationList section */
		324C56A21A36DEBF00FFDD25 /* Build configuration list for PBXProject "ElectroPortis" */ = {
			isa = XCConfigurationList;
			buildConfigurations = (
				324C56C21A36DEBF00FFDD25 /* Debug */,
				324C56C31A36DEBF00FFDD25 /* Release */,
			);
			defaultConfigurationIsVisible = 0;
			defaultConfigurationName = Release;
		};
		324C56C41A36DEBF00FFDD25 /* Build configuration list for PBXNativeTarget "ElectroPortis" */ = {
			isa = XCConfigurationList;
			buildConfigurations = (
				324C56C51A36DEBF00FFDD25 /* Debug */,
				324C56C61A36DEBF00FFDD25 /* Release */,
			);
			defaultConfigurationIsVisible = 0;
			defaultConfigurationName = Release;
		};
		32EBA1C71C969E7200B4D03A /* Build configuration list for PBXNativeTarget "ElectroPortis-iOS" */ = {
			isa = XCConfigurationList;
			buildConfigurations = (
				32EBA1C51C969E7200B4D03A /* Debug */,
				32EBA1C61C969E7200B4D03A /* Release */,
			);
			defaultConfigurationIsVisible = 0;
			defaultConfigurationName = Release;
		};
/* End XCConfigurationList section */
	};
	rootObject = 324C569F1A36DEBF00FFDD25 /* Project object */;
}
